
Microsoft Visual Studio Solution File, Format Version 12.00
# Visual Studio Version 16
VisualStudioVersion = 16.0.34114.132
MinimumVisualStudioVersion = 10.0.40219.1
Project("{FAE04EC0-301F-11D3-BF4B-00C04F79EFBC}") = "Levesek_KB_WF", "Levesek_KB_WF\Levesek_KB_WF.csproj", "{328D9B96-1CC2-4A27-9586-4193B603BAEB}"
EndProject
Global
	GlobalSection(SolutionConfigurationPlatforms) = preSolution
		Debug|Any CPU = Debug|Any CPU
		Release|Any CPU = Release|Any CPU
	EndGlobalSection
	GlobalSection(ProjectConfigurationPlatforms) = postSolution
		{328D9B96-1CC2-4A27-9586-4193B603BAEB}.Debug|Any CPU.ActiveCfg = Debug|Any CPU
		{328D9B96-1CC2-4A27-9586-4193B603BAEB}.Debug|Any CPU.Build.0 = Debug|Any CPU
		{328D9B96-1CC2-4A27-9586-4193B603BAEB}.Release|Any CPU.ActiveCfg = Release|Any CPU
		{328D9B96-1CC2-4A27-9586-4193B603BAEB}.Release|Any CPU.Build.0 = Release|Any CPU
	EndGlobalSection
	GlobalSection(SolutionProperties) = preSolution
		HideSolutionNode = FALSE
	EndGlobalSection
	GlobalSection(ExtensibilityGlobals) = postSolution
		SolutionGuid = {9DD3ABD0-6DCD-4D91-A10C-57741EB5EA92}
	EndGlobalSection
EndGlobal
